# THIS IS AN AUTOGENERATED FILE. DO NOT EDIT THIS FILE DIRECTLY.
# yarn lockfile v1


debug@^4.1.1:
  version "4.3.1"
  resolved "https://registry.npm.taobao.org/debug/download/debug-4.3.1.tgz?cache=0&sync_timestamp=1607566575639&other_urls=https%3A%2F%2Fregistry.npm.taobao.org%2Fdebug%2Fdownload%2Fdebug-4.3.1.tgz#f0d229c505e0c6d8c49ac553d1b13dc183f6b2ee"
  integrity sha1-8NIpxQXgxtjEmsVT0bE9wYP2su4=
  dependencies:
    ms "2.1.2"

gitlog@^4.0.4:
  version "4.0.4"
  resolved "https://registry.npm.taobao.org/gitlog/download/gitlog-4.0.4.tgz#8da6c08748dc290eb6c2fc11e3c505fb73715564"
  integrity sha1-jabAh0jcKQ62wvwR48UF+3NxVWQ=
  dependencies:
    debug "^4.1.1"
    tslib "^1.14.1"

husky@^5.0.9:
  version "5.0.9"
  resolved "https://registry.npm.taobao.org/husky/download/husky-5.0.9.tgz#6d38706643d66ed395bcd4ee952d02e3f15eb3a3"
  integrity sha1-bThwZkPWbtOVvNTulS0C4/Fes6M=

ms@2.1.2:
  version "2.1.2"
  resolved "https://registry.npm.taobao.org/ms/download/ms-2.1.2.tgz?cache=0&sync_timestamp=1607433856838&other_urls=https%3A%2F%2Fregistry.npm.taobao.org%2Fms%2Fdownload%2Fms-2.1.2.tgz#d09d1f357b443f493382a8eb3ccd183872ae6009"
  integrity sha1-0J0fNXtEP0kzgqjrPM0YOHKuYAk=

tslib@^1.14.1:
  version "1.14.1"
  resolved "https://registry.npm.taobao.org/tslib/download/tslib-1.14.1.tgz#cf2d38bdc34a134bcaf1091c41f6619e2f672d00"
  integrity sha1-zy04vcNKE0vK8QkcQfZhni9nLQA=
